
Microsoft Visual Studio Solution File, Format Version 12.00
# Visual Studio Version 16
VisualStudioVersion = 16.0.29306.81
MinimumVisualStudioVersion = 10.0.40219.1
Project("{FAE04EC0-301F-11D3-BF4B-00C04F79EFBC}") = "tws_console", "tws_console\tws_console.csproj", "{AA0E114B-9825-4B8C-8FB6-A71370956C43}"
EndProject
Project("{FAE04EC0-301F-11D3-BF4B-00C04F79EFBC}") = "TwsLib", "tws_lib\TwsLib.csproj", "{8B2F7F25-D5C9-4669-9A86-1E7A10F3E320}"
EndProject
Project("{FAE04EC0-301F-11D3-BF4B-00C04F79EFBC}") = "TwsRtdServer", "C:\TWS API\source\CSharpClient\TwsRtdServer\TwsRtdServer.csproj", "{C8900FAD-7FCC-4FF3-B2E4-2CEA9FFA128D}"
EndProject
Project("{FAE04EC0-301F-11D3-BF4B-00C04F79EFBC}") = "tws_wpf", "tws_wpf\tws_wpf.csproj", "{8D3BB280-6966-481A-A5F4-B141F76006C0}"
EndProject
Global
	GlobalSection(SolutionConfigurationPlatforms) = preSolution
		Debug|Any CPU = Debug|Any CPU
		Release|Any CPU = Release|Any CPU
	EndGlobalSection
	GlobalSection(ProjectConfigurationPlatforms) = postSolution
		{AA0E114B-9825-4B8C-8FB6-A71370956C43}.Debug|Any CPU.ActiveCfg = Debug|Any CPU
		{AA0E114B-9825-4B8C-8FB6-A71370956C43}.Debug|Any CPU.Build.0 = Debug|Any CPU
		{AA0E114B-9825-4B8C-8FB6-A71370956C43}.Release|Any CPU.ActiveCfg = Release|Any CPU
		{AA0E114B-9825-4B8C-8FB6-A71370956C43}.Release|Any CPU.Build.0 = Release|Any CPU
		{8B2F7F25-D5C9-4669-9A86-1E7A10F3E320}.Debug|Any CPU.ActiveCfg = Debug|Any CPU
		{8B2F7F25-D5C9-4669-9A86-1E7A10F3E320}.Debug|Any CPU.Build.0 = Debug|Any CPU
		{8B2F7F25-D5C9-4669-9A86-1E7A10F3E320}.Release|Any CPU.ActiveCfg = Release|Any CPU
		{8B2F7F25-D5C9-4669-9A86-1E7A10F3E320}.Release|Any CPU.Build.0 = Release|Any CPU
		{C8900FAD-7FCC-4FF3-B2E4-2CEA9FFA128D}.Debug|Any CPU.ActiveCfg = Debug|Any CPU
		{C8900FAD-7FCC-4FF3-B2E4-2CEA9FFA128D}.Debug|Any CPU.Build.0 = Debug|Any CPU
		{C8900FAD-7FCC-4FF3-B2E4-2CEA9FFA128D}.Release|Any CPU.ActiveCfg = Release|Any CPU
		{C8900FAD-7FCC-4FF3-B2E4-2CEA9FFA128D}.Release|Any CPU.Build.0 = Release|Any CPU
		{8D3BB280-6966-481A-A5F4-B141F76006C0}.Debug|Any CPU.ActiveCfg = Debug|Any CPU
		{8D3BB280-6966-481A-A5F4-B141F76006C0}.Debug|Any CPU.Build.0 = Debug|Any CPU
		{8D3BB280-6966-481A-A5F4-B141F76006C0}.Release|Any CPU.ActiveCfg = Release|Any CPU
		{8D3BB280-6966-481A-A5F4-B141F76006C0}.Release|Any CPU.Build.0 = Release|Any CPU
	EndGlobalSection
	GlobalSection(SolutionProperties) = preSolution
		HideSolutionNode = FALSE
	EndGlobalSection
	GlobalSection(ExtensibilityGlobals) = postSolution
		SolutionGuid = {E7FCF4D4-F3E1-44BF-A49D-42D3FEB87F3B}
	EndGlobalSection
EndGlobal
